
Microsoft Visual Studio Solution File, Format Version 12.00
# Visual Studio Version 16
VisualStudioVersion = 16.0.30330.147
MinimumVisualStudioVersion = 10.0.40219.1
Project("{2150E333-8FDC-42A3-9474-1A3956D46DE8}") = "src", "src", "{AE3E98DB-35C1-42D8-AB6D-DE37189DDAA1}"
EndProject
Project("{2150E333-8FDC-42A3-9474-1A3956D46DE8}") = "Solution Items", "Solution Items", "{1D26002E-3D0A-47FC-A1F7-BC56D11EC5BF}"
	ProjectSection(SolutionItems) = preProject
		README.md = README.md
	EndProjectSection
EndProject
Project("{2150E333-8FDC-42A3-9474-1A3956D46DE8}") = "Identity", "Identity", "{AB82E73B-4935-4393-82A2-85C1B68ABF20}"
EndProject
Project("{2150E333-8FDC-42A3-9474-1A3956D46DE8}") = "Services", "Services", "{F59C11A1-47B1-4E33-8185-564EA080B466}"
EndProject
Project("{9A19103F-16F7-4668-BE54-9A1E7A4F7556}") = "Microsoft.Extensions.CustomIdentity.Core", "Identity\Core\Microsoft.Extensions.CustomIdentity.Core.csproj", "{712637CF-FBB3-4424-9FFC-ECC474B42E43}"
EndProject
Project("{9A19103F-16F7-4668-BE54-9A1E7A4F7556}") = "Microsoft.AspNetCore.CustomIdentity.EntityFrameworkCore", "Identity\EF\Microsoft.AspNetCore.CustomIdentity.EntityFrameworkCore.csproj", "{D18A53D7-2EB2-4209-AF69-D876ACD77828}"
EndProject
Project("{9A19103F-16F7-4668-BE54-9A1E7A4F7556}") = "Microsoft.AspNetCore.CustomIdentity", "Identity\Identity\Microsoft.AspNetCore.CustomIdentity.csproj", "{D8D40D4F-3810-4189-9B75-0F71CEB42F6F}"
EndProject
Project("{9A19103F-16F7-4668-BE54-9A1E7A4F7556}") = "MongoCustomIdentityMongoSample", "Identity\Microsoft.AspNetCore.CustomIdentity.Sample\MongoCustomIdentityMongoSample.csproj", "{C31098DF-C3EA-45ED-8177-F7B5EA651C0E}"
EndProject
Project("{9A19103F-16F7-4668-BE54-9A1E7A4F7556}") = "Multitenancy", "Identity\Multitenancy\Multitenancy.csproj", "{25EF1504-BA62-49AF-BACC-26B77223987E}"
EndProject
Project("{9A19103F-16F7-4668-BE54-9A1E7A4F7556}") = "Microsoft.Extensions.CustomIdentity.Stores", "Identity\Stores\Microsoft.Extensions.CustomIdentity.Stores.csproj", "{897EC79B-1E92-4F2B-8D32-F972C93A831C}"
EndProject
Project("{9A19103F-16F7-4668-BE54-9A1E7A4F7556}") = "UserManage.EF", "Identity\UserManage.EF\UserManage.EF.csproj", "{16423DC0-DA5D-4D0F-BDB7-4D337D988D42}"
EndProject
Project("{9A19103F-16F7-4668-BE54-9A1E7A4F7556}") = "Microsoft.AspNetCore.CustomIdentity.MongoDB", "Identity\Microsoft.AspNetCore.CustomIdentity.MongoDB\Microsoft.AspNetCore.CustomIdentity.MongoDB.csproj", "{7924A539-4A5F-44BC-BD22-335FEEEEEAF8}"
EndProject
Global
	GlobalSection(SolutionConfigurationPlatforms) = preSolution
		Debug|Android = Debug|Android
		Debug|Any CPU = Debug|Any CPU
		Debug|iOS = Debug|iOS
		Debug|Windows-AnyCPU = Debug|Windows-AnyCPU
		Debug|Windows-ARM = Debug|Windows-ARM
		Debug|Windows-x64 = Debug|Windows-x64
		Debug|Windows-x86 = Debug|Windows-x86
		Debug|x64 = Debug|x64
		Debug|x86 = Debug|x86
		Release|Android = Release|Android
		Release|Any CPU = Release|Any CPU
		Release|iOS = Release|iOS
		Release|Windows-AnyCPU = Release|Windows-AnyCPU
		Release|Windows-ARM = Release|Windows-ARM
		Release|Windows-x64 = Release|Windows-x64
		Release|Windows-x86 = Release|Windows-x86
		Release|x64 = Release|x64
		Release|x86 = Release|x86
	EndGlobalSection
	GlobalSection(ProjectConfigurationPlatforms) = postSolution
		{712637CF-FBB3-4424-9FFC-ECC474B42E43}.Debug|Android.ActiveCfg = Debug|Any CPU
		{712637CF-FBB3-4424-9FFC-ECC474B42E43}.Debug|Android.Build.0 = Debug|Any CPU
		{712637CF-FBB3-4424-9FFC-ECC474B42E43}.Debug|Any CPU.ActiveCfg = Debug|Any CPU
		{712637CF-FBB3-4424-9FFC-ECC474B42E43}.Debug|Any CPU.Build.0 = Debug|Any CPU
		{712637CF-FBB3-4424-9FFC-ECC474B42E43}.Debug|iOS.ActiveCfg = Debug|Any CPU
		{712637CF-FBB3-4424-9FFC-ECC474B42E43}.Debug|iOS.Build.0 = Debug|Any CPU
		{712637CF-FBB3-4424-9FFC-ECC474B42E43}.Debug|Windows-AnyCPU.ActiveCfg = Debug|Any CPU
		{712637CF-FBB3-4424-9FFC-ECC474B42E43}.Debug|Windows-AnyCPU.Build.0 = Debug|Any CPU
		{712637CF-FBB3-4424-9FFC-ECC474B42E43}.Debug|Windows-ARM.ActiveCfg = Debug|Any CPU
		{712637CF-FBB3-4424-9FFC-ECC474B42E43}.Debug|Windows-ARM.Build.0 = Debug|Any CPU
		{712637CF-FBB3-4424-9FFC-ECC474B42E43}.Debug|Windows-x64.ActiveCfg = Debug|Any CPU
		{712637CF-FBB3-4424-9FFC-ECC474B42E43}.Debug|Windows-x64.Build.0 = Debug|Any CPU
		{712637CF-FBB3-4424-9FFC-ECC474B42E43}.Debug|Windows-x86.ActiveCfg = Debug|Any CPU
		{712637CF-FBB3-4424-9FFC-ECC474B42E43}.Debug|Windows-x86.Build.0 = Debug|Any CPU
		{712637CF-FBB3-4424-9FFC-ECC474B42E43}.Debug|x64.ActiveCfg = Debug|Any CPU
		{712637CF-FBB3-4424-9FFC-ECC474B42E43}.Debug|x64.Build.0 = Debug|Any CPU
		{712637CF-FBB3-4424-9FFC-ECC474B42E43}.Debug|x86.ActiveCfg = Debug|Any CPU
		{712637CF-FBB3-4424-9FFC-ECC474B42E43}.Debug|x86.Build.0 = Debug|Any CPU
		{712637CF-FBB3-4424-9FFC-ECC474B42E43}.Release|Android.ActiveCfg = Release|Any CPU
		{712637CF-FBB3-4424-9FFC-ECC474B42E43}.Release|Android.Build.0 = Release|Any CPU
		{712637CF-FBB3-4424-9FFC-ECC474B42E43}.Release|Any CPU.ActiveCfg = Release|Any CPU
		{712637CF-FBB3-4424-9FFC-ECC474B42E43}.Release|Any CPU.Build.0 = Release|Any CPU
		{712637CF-FBB3-4424-9FFC-ECC474B42E43}.Release|iOS.ActiveCfg = Release|Any CPU
		{712637CF-FBB3-4424-9FFC-ECC474B42E43}.Release|iOS.Build.0 = Release|Any CPU
		{712637CF-FBB3-4424-9FFC-ECC474B42E43}.Release|Windows-AnyCPU.ActiveCfg = Release|Any CPU
		{712637CF-FBB3-4424-9FFC-ECC474B42E43}.Release|Windows-AnyCPU.Build.0 = Release|Any CPU
		{712637CF-FBB3-4424-9FFC-ECC474B42E43}.Release|Windows-ARM.ActiveCfg = Release|Any CPU
		{712637CF-FBB3-4424-9FFC-ECC474B42E43}.Release|Windows-ARM.Build.0 = Release|Any CPU
		{712637CF-FBB3-4424-9FFC-ECC474B42E43}.Release|Windows-x64.ActiveCfg = Release|Any CPU
		{712637CF-FBB3-4424-9FFC-ECC474B42E43}.Release|Windows-x64.Build.0 = Release|Any CPU
		{712637CF-FBB3-4424-9FFC-ECC474B42E43}.Release|Windows-x86.ActiveCfg = Release|Any CPU
		{712637CF-FBB3-4424-9FFC-ECC474B42E43}.Release|Windows-x86.Build.0 = Release|Any CPU
		{712637CF-FBB3-4424-9FFC-ECC474B42E43}.Release|x64.ActiveCfg = Release|Any CPU
		{712637CF-FBB3-4424-9FFC-ECC474B42E43}.Release|x64.Build.0 = Release|Any CPU
		{712637CF-FBB3-4424-9FFC-ECC474B42E43}.Release|x86.ActiveCfg = Release|Any CPU
		{712637CF-FBB3-4424-9FFC-ECC474B42E43}.Release|x86.Build.0 = Release|Any CPU
		{D18A53D7-2EB2-4209-AF69-D876ACD77828}.Debug|Android.ActiveCfg = Debug|Any CPU
		{D18A53D7-2EB2-4209-AF69-D876ACD77828}.Debug|Android.Build.0 = Debug|Any CPU
		{D18A53D7-2EB2-4209-AF69-D876ACD77828}.Debug|Any CPU.ActiveCfg = Debug|Any CPU
		{D18A53D7-2EB2-4209-AF69-D876ACD77828}.Debug|Any CPU.Build.0 = Debug|Any CPU
		{D18A53D7-2EB2-4209-AF69-D876ACD77828}.Debug|iOS.ActiveCfg = Debug|Any CPU
		{D18A53D7-2EB2-4209-AF69-D876ACD77828}.Debug|iOS.Build.0 = Debug|Any CPU
		{D18A53D7-2EB2-4209-AF69-D876ACD77828}.Debug|Windows-AnyCPU.ActiveCfg = Debug|Any CPU
		{D18A53D7-2EB2-4209-AF69-D876ACD77828}.Debug|Windows-AnyCPU.Build.0 = Debug|Any CPU
		{D18A53D7-2EB2-4209-AF69-D876ACD77828}.Debug|Windows-ARM.ActiveCfg = Debug|Any CPU
		{D18A53D7-2EB2-4209-AF69-D876ACD77828}.Debug|Windows-ARM.Build.0 = Debug|Any CPU
		{D18A53D7-2EB2-4209-AF69-D876ACD77828}.Debug|Windows-x64.ActiveCfg = Debug|Any CPU
		{D18A53D7-2EB2-4209-AF69-D876ACD77828}.Debug|Windows-x64.Build.0 = Debug|Any CPU
		{D18A53D7-2EB2-4209-AF69-D876ACD77828}.Debug|Windows-x86.ActiveCfg = Debug|Any CPU
		{D18A53D7-2EB2-4209-AF69-D876ACD77828}.Debug|Windows-x86.Build.0 = Debug|Any CPU
		{D18A53D7-2EB2-4209-AF69-D876ACD77828}.Debug|x64.ActiveCfg = Debug|Any CPU
		{D18A53D7-2EB2-4209-AF69-D876ACD77828}.Debug|x64.Build.0 = Debug|Any CPU
		{D18A53D7-2EB2-4209-AF69-D876ACD77828}.Debug|x86.ActiveCfg = Debug|Any CPU
		{D18A53D7-2EB2-4209-AF69-D876ACD77828}.Debug|x86.Build.0 = Debug|Any CPU
		{D18A53D7-2EB2-4209-AF69-D876ACD77828}.Release|Android.ActiveCfg = Release|Any CPU
		{D18A53D7-2EB2-4209-AF69-D876ACD77828}.Release|Android.Build.0 = Release|Any CPU
		{D18A53D7-2EB2-4209-AF69-D876ACD77828}.Release|Any CPU.ActiveCfg = Release|Any CPU
		{D18A53D7-2EB2-4209-AF69-D876ACD77828}.Release|Any CPU.Build.0 = Release|Any CPU
		{D18A53D7-2EB2-4209-AF69-D876ACD77828}.Release|iOS.ActiveCfg = Release|Any CPU
		{D18A53D7-2EB2-4209-AF69-D876ACD77828}.Release|iOS.Build.0 = Release|Any CPU
		{D18A53D7-2EB2-4209-AF69-D876ACD77828}.Release|Windows-AnyCPU.ActiveCfg = Release|Any CPU
		{D18A53D7-2EB2-4209-AF69-D876ACD77828}.Release|Windows-AnyCPU.Build.0 = Release|Any CPU
		{D18A53D7-2EB2-4209-AF69-D876ACD77828}.Release|Windows-ARM.ActiveCfg = Release|Any CPU
		{D18A53D7-2EB2-4209-AF69-D876ACD77828}.Release|Windows-ARM.Build.0 = Release|Any CPU
		{D18A53D7-2EB2-4209-AF69-D876ACD77828}.Release|Windows-x64.ActiveCfg = Release|Any CPU
		{D18A53D7-2EB2-4209-AF69-D876ACD77828}.Release|Windows-x64.Build.0 = Release|Any CPU
		{D18A53D7-2EB2-4209-AF69-D876ACD77828}.Release|Windows-x86.ActiveCfg = Release|Any CPU
		{D18A53D7-2EB2-4209-AF69-D876ACD77828}.Release|Windows-x86.Build.0 = Release|Any CPU
		{D18A53D7-2EB2-4209-AF69-D876ACD77828}.Release|x64.ActiveCfg = Release|Any CPU
		{D18A53D7-2EB2-4209-AF69-D876ACD77828}.Release|x64.Build.0 = Release|Any CPU
		{D18A53D7-2EB2-4209-AF69-D876ACD77828}.Release|x86.ActiveCfg = Release|Any CPU
		{D18A53D7-2EB2-4209-AF69-D876ACD77828}.Release|x86.Build.0 = Release|Any CPU
		{D8D40D4F-3810-4189-9B75-0F71CEB42F6F}.Debug|Android.ActiveCfg = Debug|Any CPU
		{D8D40D4F-3810-4189-9B75-0F71CEB42F6F}.Debug|Android.Build.0 = Debug|Any CPU
		{D8D40D4F-3810-4189-9B75-0F71CEB42F6F}.Debug|Any CPU.ActiveCfg = Debug|Any CPU
		{D8D40D4F-3810-4189-9B75-0F71CEB42F6F}.Debug|Any CPU.Build.0 = Debug|Any CPU
		{D8D40D4F-3810-4189-9B75-0F71CEB42F6F}.Debug|iOS.ActiveCfg = Debug|Any CPU
		{D8D40D4F-3810-4189-9B75-0F71CEB42F6F}.Debug|iOS.Build.0 = Debug|Any CPU
		{D8D40D4F-3810-4189-9B75-0F71CEB42F6F}.Debug|Windows-AnyCPU.ActiveCfg = Debug|Any CPU
		{D8D40D4F-3810-4189-9B75-0F71CEB42F6F}.Debug|Windows-AnyCPU.Build.0 = Debug|Any CPU
		{D8D40D4F-3810-4189-9B75-0F71CEB42F6F}.Debug|Windows-ARM.ActiveCfg = Debug|Any CPU
		{D8D40D4F-3810-4189-9B75-0F71CEB42F6F}.Debug|Windows-ARM.Build.0 = Debug|Any CPU
		{D8D40D4F-3810-4189-9B75-0F71CEB42F6F}.Debug|Windows-x64.ActiveCfg = Debug|Any CPU
		{D8D40D4F-3810-4189-9B75-0F71CEB42F6F}.Debug|Windows-x64.Build.0 = Debug|Any CPU
		{D8D40D4F-3810-4189-9B75-0F71CEB42F6F}.Debug|Windows-x86.ActiveCfg = Debug|Any CPU
		{D8D40D4F-3810-4189-9B75-0F71CEB42F6F}.Debug|Windows-x86.Build.0 = Debug|Any CPU
		{D8D40D4F-3810-4189-9B75-0F71CEB42F6F}.Debug|x64.ActiveCfg = Debug|Any CPU
		{D8D40D4F-3810-4189-9B75-0F71CEB42F6F}.Debug|x64.Build.0 = Debug|Any CPU
		{D8D40D4F-3810-4189-9B75-0F71CEB42F6F}.Debug|x86.ActiveCfg = Debug|Any CPU
		{D8D40D4F-3810-4189-9B75-0F71CEB42F6F}.Debug|x86.Build.0 = Debug|Any CPU
		{D8D40D4F-3810-4189-9B75-0F71CEB42F6F}.Release|Android.ActiveCfg = Release|Any CPU
		{D8D40D4F-3810-4189-9B75-0F71CEB42F6F}.Release|Android.Build.0 = Release|Any CPU
		{D8D40D4F-3810-4189-9B75-0F71CEB42F6F}.Release|Any CPU.ActiveCfg = Release|Any CPU
		{D8D40D4F-3810-4189-9B75-0F71CEB42F6F}.Release|Any CPU.Build.0 = Release|Any CPU
		{D8D40D4F-3810-4189-9B75-0F71CEB42F6F}.Release|iOS.ActiveCfg = Release|Any CPU
		{D8D40D4F-3810-4189-9B75-0F71CEB42F6F}.Release|iOS.Build.0 = Release|Any CPU
		{D8D40D4F-3810-4189-9B75-0F71CEB42F6F}.Release|Windows-AnyCPU.ActiveCfg = Release|Any CPU
		{D8D40D4F-3810-4189-9B75-0F71CEB42F6F}.Release|Windows-AnyCPU.Build.0 = Release|Any CPU
		{D8D40D4F-3810-4189-9B75-0F71CEB42F6F}.Release|Windows-ARM.ActiveCfg = Release|Any CPU
		{D8D40D4F-3810-4189-9B75-0F71CEB42F6F}.Release|Windows-ARM.Build.0 = Release|Any CPU
		{D8D40D4F-3810-4189-9B75-0F71CEB42F6F}.Release|Windows-x64.ActiveCfg = Release|Any CPU
		{D8D40D4F-3810-4189-9B75-0F71CEB42F6F}.Release|Windows-x64.Build.0 = Release|Any CPU
		{D8D40D4F-3810-4189-9B75-0F71CEB42F6F}.Release|Windows-x86.ActiveCfg = Release|Any CPU
		{D8D40D4F-3810-4189-9B75-0F71CEB42F6F}.Release|Windows-x86.Build.0 = Release|Any CPU
		{D8D40D4F-3810-4189-9B75-0F71CEB42F6F}.Release|x64.ActiveCfg = Release|Any CPU
		{D8D40D4F-3810-4189-9B75-0F71CEB42F6F}.Release|x64.Build.0 = Release|Any CPU
		{D8D40D4F-3810-4189-9B75-0F71CEB42F6F}.Release|x86.ActiveCfg = Release|Any CPU
		{D8D40D4F-3810-4189-9B75-0F71CEB42F6F}.Release|x86.Build.0 = Release|Any CPU
		{C31098DF-C3EA-45ED-8177-F7B5EA651C0E}.Debug|Android.ActiveCfg = Debug|Any CPU
		{C31098DF-C3EA-45ED-8177-F7B5EA651C0E}.Debug|Android.Build.0 = Debug|Any CPU
		{C31098DF-C3EA-45ED-8177-F7B5EA651C0E}.Debug|Any CPU.ActiveCfg = Debug|Any CPU
		{C31098DF-C3EA-45ED-8177-F7B5EA651C0E}.Debug|Any CPU.Build.0 = Debug|Any CPU
		{C31098DF-C3EA-45ED-8177-F7B5EA651C0E}.Debug|iOS.ActiveCfg = Debug|Any CPU
		{C31098DF-C3EA-45ED-8177-F7B5EA651C0E}.Debug|iOS.Build.0 = Debug|Any CPU
		{C31098DF-C3EA-45ED-8177-F7B5EA651C0E}.Debug|Windows-AnyCPU.ActiveCfg = Debug|Any CPU
		{C31098DF-C3EA-45ED-8177-F7B5EA651C0E}.Debug|Windows-AnyCPU.Build.0 = Debug|Any CPU
		{C31098DF-C3EA-45ED-8177-F7B5EA651C0E}.Debug|Windows-ARM.ActiveCfg = Debug|Any CPU
		{C31098DF-C3EA-45ED-8177-F7B5EA651C0E}.Debug|Windows-ARM.Build.0 = Debug|Any CPU
		{C31098DF-C3EA-45ED-8177-F7B5EA651C0E}.Debug|Windows-x64.ActiveCfg = Debug|Any CPU
		{C31098DF-C3EA-45ED-8177-F7B5EA651C0E}.Debug|Windows-x64.Build.0 = Debug|Any CPU
		{C31098DF-C3EA-45ED-8177-F7B5EA651C0E}.Debug|Windows-x86.ActiveCfg = Debug|Any CPU
		{C31098DF-C3EA-45ED-8177-F7B5EA651C0E}.Debug|Windows-x86.Build.0 = Debug|Any CPU
		{C31098DF-C3EA-45ED-8177-F7B5EA651C0E}.Debug|x64.ActiveCfg = Debug|Any CPU
		{C31098DF-C3EA-45ED-8177-F7B5EA651C0E}.Debug|x64.Build.0 = Debug|Any CPU
		{C31098DF-C3EA-45ED-8177-F7B5EA651C0E}.Debug|x86.ActiveCfg = Debug|Any CPU
		{C31098DF-C3EA-45ED-8177-F7B5EA651C0E}.Debug|x86.Build.0 = Debug|Any CPU
		{C31098DF-C3EA-45ED-8177-F7B5EA651C0E}.Release|Android.ActiveCfg = Release|Any CPU
		{C31098DF-C3EA-45ED-8177-F7B5EA651C0E}.Release|Android.Build.0 = Release|Any CPU
		{C31098DF-C3EA-45ED-8177-F7B5EA651C0E}.Release|Any CPU.ActiveCfg = Release|Any CPU
		{C31098DF-C3EA-45ED-8177-F7B5EA651C0E}.Release|Any CPU.Build.0 = Release|Any CPU
		{C31098DF-C3EA-45ED-8177-F7B5EA651C0E}.Release|iOS.ActiveCfg = Release|Any CPU
		{C31098DF-C3EA-45ED-8177-F7B5EA651C0E}.Release|iOS.Build.0 = Release|Any CPU
		{C31098DF-C3EA-45ED-8177-F7B5EA651C0E}.Release|Windows-AnyCPU.ActiveCfg = Release|Any CPU
		{C31098DF-C3EA-45ED-8177-F7B5EA651C0E}.Release|Windows-AnyCPU.Build.0 = Release|Any CPU
		{C31098DF-C3EA-45ED-8177-F7B5EA651C0E}.Release|Windows-ARM.ActiveCfg = Release|Any CPU
		{C31098DF-C3EA-45ED-8177-F7B5EA651C0E}.Release|Windows-ARM.Build.0 = Release|Any CPU
		{C31098DF-C3EA-45ED-8177-F7B5EA651C0E}.Release|Windows-x64.ActiveCfg = Release|Any CPU
		{C31098DF-C3EA-45ED-8177-F7B5EA651C0E}.Release|Windows-x64.Build.0 = Release|Any CPU
		{C31098DF-C3EA-45ED-8177-F7B5EA651C0E}.Release|Windows-x86.ActiveCfg = Release|Any CPU
		{C31098DF-C3EA-45ED-8177-F7B5EA651C0E}.Release|Windows-x86.Build.0 = Release|Any CPU
		{C31098DF-C3EA-45ED-8177-F7B5EA651C0E}.Release|x64.ActiveCfg = Release|Any CPU
		{C31098DF-C3EA-45ED-8177-F7B5EA651C0E}.Release|x64.Build.0 = Release|Any CPU
		{C31098DF-C3EA-45ED-8177-F7B5EA651C0E}.Release|x86.ActiveCfg = Release|Any CPU
		{C31098DF-C3EA-45ED-8177-F7B5EA651C0E}.Release|x86.Build.0 = Release|Any CPU
		{25EF1504-BA62-49AF-BACC-26B77223987E}.Debug|Android.ActiveCfg = Debug|Any CPU
		{25EF1504-BA62-49AF-BACC-26B77223987E}.Debug|Android.Build.0 = Debug|Any CPU
		{25EF1504-BA62-49AF-BACC-26B77223987E}.Debug|Any CPU.ActiveCfg = Debug|Any CPU
		{25EF1504-BA62-49AF-BACC-26B77223987E}.Debug|Any CPU.Build.0 = Debug|Any CPU
		{25EF1504-BA62-49AF-BACC-26B77223987E}.Debug|iOS.ActiveCfg = Debug|Any CPU
		{25EF1504-BA62-49AF-BACC-26B77223987E}.Debug|iOS.Build.0 = Debug|Any CPU
		{25EF1504-BA62-49AF-BACC-26B77223987E}.Debug|Windows-AnyCPU.ActiveCfg = Debug|Any CPU
		{25EF1504-BA62-49AF-BACC-26B77223987E}.Debug|Windows-AnyCPU.Build.0 = Debug|Any CPU
		{25EF1504-BA62-49AF-BACC-26B77223987E}.Debug|Windows-ARM.ActiveCfg = Debug|Any CPU
		{25EF1504-BA62-49AF-BACC-26B77223987E}.Debug|Windows-ARM.Build.0 = Debug|Any CPU
		{25EF1504-BA62-49AF-BACC-26B77223987E}.Debug|Windows-x64.ActiveCfg = Debug|Any CPU
		{25EF1504-BA62-49AF-BACC-26B77223987E}.Debug|Windows-x64.Build.0 = Debug|Any CPU
		{25EF1504-BA62-49AF-BACC-26B77223987E}.Debug|Windows-x86.ActiveCfg = Debug|Any CPU
		{25EF1504-BA62-49AF-BACC-26B77223987E}.Debug|Windows-x86.Build.0 = Debug|Any CPU
		{25EF1504-BA62-49AF-BACC-26B77223987E}.Debug|x64.ActiveCfg = Debug|Any CPU
		{25EF1504-BA62-49AF-BACC-26B77223987E}.Debug|x64.Build.0 = Debug|Any CPU
		{25EF1504-BA62-49AF-BACC-26B77223987E}.Debug|x86.ActiveCfg = Debug|Any CPU
		{25EF1504-BA62-49AF-BACC-26B77223987E}.Debug|x86.Build.0 = Debug|Any CPU
		{25EF1504-BA62-49AF-BACC-26B77223987E}.Release|Android.ActiveCfg = Release|Any CPU
		{25EF1504-BA62-49AF-BACC-26B77223987E}.Release|Android.Build.0 = Release|Any CPU
		{25EF1504-BA62-49AF-BACC-26B77223987E}.Release|Any CPU.ActiveCfg = Release|Any CPU
		{25EF1504-BA62-49AF-BACC-26B77223987E}.Release|Any CPU.Build.0 = Release|Any CPU
		{25EF1504-BA62-49AF-BACC-26B77223987E}.Release|iOS.ActiveCfg = Release|Any CPU
		{25EF1504-BA62-49AF-BACC-26B77223987E}.Release|iOS.Build.0 = Release|Any CPU
		{25EF1504-BA62-49AF-BACC-26B77223987E}.Release|Windows-AnyCPU.ActiveCfg = Release|Any CPU
		{25EF1504-BA62-49AF-BACC-26B77223987E}.Release|Windows-AnyCPU.Build.0 = Release|Any CPU
		{25EF1504-BA62-49AF-BACC-26B77223987E}.Release|Windows-ARM.ActiveCfg = Release|Any CPU
		{25EF1504-BA62-49AF-BACC-26B77223987E}.Release|Windows-ARM.Build.0 = Release|Any CPU
		{25EF1504-BA62-49AF-BACC-26B77223987E}.Release|Windows-x64.ActiveCfg = Release|Any CPU
		{25EF1504-BA62-49AF-BACC-26B77223987E}.Release|Windows-x64.Build.0 = Release|Any CPU
		{25EF1504-BA62-49AF-BACC-26B77223987E}.Release|Windows-x86.ActiveCfg = Release|Any CPU
		{25EF1504-BA62-49AF-BACC-26B77223987E}.Release|Windows-x86.Build.0 = Release|Any CPU
		{25EF1504-BA62-49AF-BACC-26B77223987E}.Release|x64.ActiveCfg = Release|Any CPU
		{25EF1504-BA62-49AF-BACC-26B77223987E}.Release|x64.Build.0 = Release|Any CPU
		{25EF1504-BA62-49AF-BACC-26B77223987E}.Release|x86.ActiveCfg = Release|Any CPU
		{25EF1504-BA62-49AF-BACC-26B77223987E}.Release|x86.Build.0 = Release|Any CPU
		{897EC79B-1E92-4F2B-8D32-F972C93A831C}.Debug|Android.ActiveCfg = Debug|Any CPU
		{897EC79B-1E92-4F2B-8D32-F972C93A831C}.Debug|Android.Build.0 = Debug|Any CPU
		{897EC79B-1E92-4F2B-8D32-F972C93A831C}.Debug|Any CPU.ActiveCfg = Debug|Any CPU
		{897EC79B-1E92-4F2B-8D32-F972C93A831C}.Debug|Any CPU.Build.0 = Debug|Any CPU
		{897EC79B-1E92-4F2B-8D32-F972C93A831C}.Debug|iOS.ActiveCfg = Debug|Any CPU
		{897EC79B-1E92-4F2B-8D32-F972C93A831C}.Debug|iOS.Build.0 = Debug|Any CPU
		{897EC79B-1E92-4F2B-8D32-F972C93A831C}.Debug|Windows-AnyCPU.ActiveCfg = Debug|Any CPU
		{897EC79B-1E92-4F2B-8D32-F972C93A831C}.Debug|Windows-AnyCPU.Build.0 = Debug|Any CPU
		{897EC79B-1E92-4F2B-8D32-F972C93A831C}.Debug|Windows-ARM.ActiveCfg = Debug|Any CPU
		{897EC79B-1E92-4F2B-8D32-F972C93A831C}.Debug|Windows-ARM.Build.0 = Debug|Any CPU
		{897EC79B-1E92-4F2B-8D32-F972C93A831C}.Debug|Windows-x64.ActiveCfg = Debug|Any CPU
		{897EC79B-1E92-4F2B-8D32-F972C93A831C}.Debug|Windows-x64.Build.0 = Debug|Any CPU
		{897EC79B-1E92-4F2B-8D32-F972C93A831C}.Debug|Windows-x86.ActiveCfg = Debug|Any CPU
		{897EC79B-1E92-4F2B-8D32-F972C93A831C}.Debug|Windows-x86.Build.0 = Debug|Any CPU
		{897EC79B-1E92-4F2B-8D32-F972C93A831C}.Debug|x64.ActiveCfg = Debug|Any CPU
		{897EC79B-1E92-4F2B-8D32-F972C93A831C}.Debug|x64.Build.0 = Debug|Any CPU
		{897EC79B-1E92-4F2B-8D32-F972C93A831C}.Debug|x86.ActiveCfg = Debug|Any CPU
		{897EC79B-1E92-4F2B-8D32-F972C93A831C}.Debug|x86.Build.0 = Debug|Any CPU
		{897EC79B-1E92-4F2B-8D32-F972C93A831C}.Release|Android.ActiveCfg = Release|Any CPU
		{897EC79B-1E92-4F2B-8D32-F972C93A831C}.Release|Android.Build.0 = Release|Any CPU
		{897EC79B-1E92-4F2B-8D32-F972C93A831C}.Release|Any CPU.ActiveCfg = Release|Any CPU
		{897EC79B-1E92-4F2B-8D32-F972C93A831C}.Release|Any CPU.Build.0 = Release|Any CPU
		{897EC79B-1E92-4F2B-8D32-F972C93A831C}.Release|iOS.ActiveCfg = Release|Any CPU
		{897EC79B-1E92-4F2B-8D32-F972C93A831C}.Release|iOS.Build.0 = Release|Any CPU
		{897EC79B-1E92-4F2B-8D32-F972C93A831C}.Release|Windows-AnyCPU.ActiveCfg = Release|Any CPU
		{897EC79B-1E92-4F2B-8D32-F972C93A831C}.Release|Windows-AnyCPU.Build.0 = Release|Any CPU
		{897EC79B-1E92-4F2B-8D32-F972C93A831C}.Release|Windows-ARM.ActiveCfg = Release|Any CPU
		{897EC79B-1E92-4F2B-8D32-F972C93A831C}.Release|Windows-ARM.Build.0 = Release|Any CPU
		{897EC79B-1E92-4F2B-8D32-F972C93A831C}.Release|Windows-x64.ActiveCfg = Release|Any CPU
		{897EC79B-1E92-4F2B-8D32-F972C93A831C}.Release|Windows-x64.Build.0 = Release|Any CPU
		{897EC79B-1E92-4F2B-8D32-F972C93A831C}.Release|Windows-x86.ActiveCfg = Release|Any CPU
		{897EC79B-1E92-4F2B-8D32-F972C93A831C}.Release|Windows-x86.Build.0 = Release|Any CPU
		{897EC79B-1E92-4F2B-8D32-F972C93A831C}.Release|x64.ActiveCfg = Release|Any CPU
		{897EC79B-1E92-4F2B-8D32-F972C93A831C}.Release|x64.Build.0 = Release|Any CPU
		{897EC79B-1E92-4F2B-8D32-F972C93A831C}.Release|x86.ActiveCfg = Release|Any CPU
		{897EC79B-1E92-4F2B-8D32-F972C93A831C}.Release|x86.Build.0 = Release|Any CPU
		{16423DC0-DA5D-4D0F-BDB7-4D337D988D42}.Debug|Android.ActiveCfg = Debug|Any CPU
		{16423DC0-DA5D-4D0F-BDB7-4D337D988D42}.Debug|Android.Build.0 = Debug|Any CPU
		{16423DC0-DA5D-4D0F-BDB7-4D337D988D42}.Debug|Any CPU.ActiveCfg = Debug|Any CPU
		{16423DC0-DA5D-4D0F-BDB7-4D337D988D42}.Debug|Any CPU.Build.0 = Debug|Any CPU
		{16423DC0-DA5D-4D0F-BDB7-4D337D988D42}.Debug|iOS.ActiveCfg = Debug|Any CPU
		{16423DC0-DA5D-4D0F-BDB7-4D337D988D42}.Debug|iOS.Build.0 = Debug|Any CPU
		{16423DC0-DA5D-4D0F-BDB7-4D337D988D42}.Debug|Windows-AnyCPU.ActiveCfg = Debug|Any CPU
		{16423DC0-DA5D-4D0F-BDB7-4D337D988D42}.Debug|Windows-AnyCPU.Build.0 = Debug|Any CPU
		{16423DC0-DA5D-4D0F-BDB7-4D337D988D42}.Debug|Windows-ARM.ActiveCfg = Debug|Any CPU
		{16423DC0-DA5D-4D0F-BDB7-4D337D988D42}.Debug|Windows-ARM.Build.0 = Debug|Any CPU
		{16423DC0-DA5D-4D0F-BDB7-4D337D988D42}.Debug|Windows-x64.ActiveCfg = Debug|Any CPU
		{16423DC0-DA5D-4D0F-BDB7-4D337D988D42}.Debug|Windows-x64.Build.0 = Debug|Any CPU
		{16423DC0-DA5D-4D0F-BDB7-4D337D988D42}.Debug|Windows-x86.ActiveCfg = Debug|Any CPU
		{16423DC0-DA5D-4D0F-BDB7-4D337D988D42}.Debug|Windows-x86.Build.0 = Debug|Any CPU
		{16423DC0-DA5D-4D0F-BDB7-4D337D988D42}.Debug|x64.ActiveCfg = Debug|Any CPU
		{16423DC0-DA5D-4D0F-BDB7-4D337D988D42}.Debug|x64.Build.0 = Debug|Any CPU
		{16423DC0-DA5D-4D0F-BDB7-4D337D988D42}.Debug|x86.ActiveCfg = Debug|Any CPU
		{16423DC0-DA5D-4D0F-BDB7-4D337D988D42}.Debug|x86.Build.0 = Debug|Any CPU
		{16423DC0-DA5D-4D0F-BDB7-4D337D988D42}.Release|Android.ActiveCfg = Release|Any CPU
		{16423DC0-DA5D-4D0F-BDB7-4D337D988D42}.Release|Android.Build.0 = Release|Any CPU
		{16423DC0-DA5D-4D0F-BDB7-4D337D988D42}.Release|Any CPU.ActiveCfg = Release|Any CPU
		{16423DC0-DA5D-4D0F-BDB7-4D337D988D42}.Release|Any CPU.Build.0 = Release|Any CPU
		{16423DC0-DA5D-4D0F-BDB7-4D337D988D42}.Release|iOS.ActiveCfg = Release|Any CPU
		{16423DC0-DA5D-4D0F-BDB7-4D337D988D42}.Release|iOS.Build.0 = Release|Any CPU
		{16423DC0-DA5D-4D0F-BDB7-4D337D988D42}.Release|Windows-AnyCPU.ActiveCfg = Release|Any CPU
		{16423DC0-DA5D-4D0F-BDB7-4D337D988D42}.Release|Windows-AnyCPU.Build.0 = Release|Any CPU
		{16423DC0-DA5D-4D0F-BDB7-4D337D988D42}.Release|Windows-ARM.ActiveCfg = Release|Any CPU
		{16423DC0-DA5D-4D0F-BDB7-4D337D988D42}.Release|Windows-ARM.Build.0 = Release|Any CPU
		{16423DC0-DA5D-4D0F-BDB7-4D337D988D42}.Release|Windows-x64.ActiveCfg = Release|Any CPU
		{16423DC0-DA5D-4D0F-BDB7-4D337D988D42}.Release|Windows-x64.Build.0 = Release|Any CPU
		{16423DC0-DA5D-4D0F-BDB7-4D337D988D42}.Release|Windows-x86.ActiveCfg = Release|Any CPU
		{16423DC0-DA5D-4D0F-BDB7-4D337D988D42}.Release|Windows-x86.Build.0 = Release|Any CPU
		{16423DC0-DA5D-4D0F-BDB7-4D337D988D42}.Release|x64.ActiveCfg = Release|Any CPU
		{16423DC0-DA5D-4D0F-BDB7-4D337D988D42}.Release|x64.Build.0 = Release|Any CPU
		{16423DC0-DA5D-4D0F-BDB7-4D337D988D42}.Release|x86.ActiveCfg = Release|Any CPU
		{16423DC0-DA5D-4D0F-BDB7-4D337D988D42}.Release|x86.Build.0 = Release|Any CPU
		{7924A539-4A5F-44BC-BD22-335FEEEEEAF8}.Debug|Android.ActiveCfg = Debug|Any CPU
		{7924A539-4A5F-44BC-BD22-335FEEEEEAF8}.Debug|Android.Build.0 = Debug|Any CPU
		{7924A539-4A5F-44BC-BD22-335FEEEEEAF8}.Debug|Any CPU.ActiveCfg = Debug|Any CPU
		{7924A539-4A5F-44BC-BD22-335FEEEEEAF8}.Debug|Any CPU.Build.0 = Debug|Any CPU
		{7924A539-4A5F-44BC-BD22-335FEEEEEAF8}.Debug|iOS.ActiveCfg = Debug|Any CPU
		{7924A539-4A5F-44BC-BD22-335FEEEEEAF8}.Debug|iOS.Build.0 = Debug|Any CPU
		{7924A539-4A5F-44BC-BD22-335FEEEEEAF8}.Debug|Windows-AnyCPU.ActiveCfg = Debug|Any CPU
		{7924A539-4A5F-44BC-BD22-335FEEEEEAF8}.Debug|Windows-AnyCPU.Build.0 = Debug|Any CPU
		{7924A539-4A5F-44BC-BD22-335FEEEEEAF8}.Debug|Windows-ARM.ActiveCfg = Debug|Any CPU
		{7924A539-4A5F-44BC-BD22-335FEEEEEAF8}.Debug|Windows-ARM.Build.0 = Debug|Any CPU
		{7924A539-4A5F-44BC-BD22-335FEEEEEAF8}.Debug|Windows-x64.ActiveCfg = Debug|Any CPU
		{7924A539-4A5F-44BC-BD22-335FEEEEEAF8}.Debug|Windows-x64.Build.0 = Debug|Any CPU
		{7924A539-4A5F-44BC-BD22-335FEEEEEAF8}.Debug|Windows-x86.ActiveCfg = Debug|Any CPU
		{7924A539-4A5F-44BC-BD22-335FEEEEEAF8}.Debug|Windows-x86.Build.0 = Debug|Any CPU
		{7924A539-4A5F-44BC-BD22-335FEEEEEAF8}.Debug|x64.ActiveCfg = Debug|Any CPU
		{7924A539-4A5F-44BC-BD22-335FEEEEEAF8}.Debug|x64.Build.0 = Debug|Any CPU
		{7924A539-4A5F-44BC-BD22-335FEEEEEAF8}.Debug|x86.ActiveCfg = Debug|Any CPU
		{7924A539-4A5F-44BC-BD22-335FEEEEEAF8}.Debug|x86.Build.0 = Debug|Any CPU
		{7924A539-4A5F-44BC-BD22-335FEEEEEAF8}.Release|Android.ActiveCfg = Release|Any CPU
		{7924A539-4A5F-44BC-BD22-335FEEEEEAF8}.Release|Android.Build.0 = Release|Any CPU
		{7924A539-4A5F-44BC-BD22-335FEEEEEAF8}.Release|Any CPU.ActiveCfg = Release|Any CPU
		{7924A539-4A5F-44BC-BD22-335FEEEEEAF8}.Release|Any CPU.Build.0 = Release|Any CPU
		{7924A539-4A5F-44BC-BD22-335FEEEEEAF8}.Release|iOS.ActiveCfg = Release|Any CPU
		{7924A539-4A5F-44BC-BD22-335FEEEEEAF8}.Release|iOS.Build.0 = Release|Any CPU
		{7924A539-4A5F-44BC-BD22-335FEEEEEAF8}.Release|Windows-AnyCPU.ActiveCfg = Release|Any CPU
		{7924A539-4A5F-44BC-BD22-335FEEEEEAF8}.Release|Windows-AnyCPU.Build.0 = Release|Any CPU
		{7924A539-4A5F-44BC-BD22-335FEEEEEAF8}.Release|Windows-ARM.ActiveCfg = Release|Any CPU
		{7924A539-4A5F-44BC-BD22-335FEEEEEAF8}.Release|Windows-ARM.Build.0 = Release|Any CPU
		{7924A539-4A5F-44BC-BD22-335FEEEEEAF8}.Release|Windows-x64.ActiveCfg = Release|Any CPU
		{7924A539-4A5F-44BC-BD22-335FEEEEEAF8}.Release|Windows-x64.Build.0 = Release|Any CPU
		{7924A539-4A5F-44BC-BD22-335FEEEEEAF8}.Release|Windows-x86.ActiveCfg = Release|Any CPU
		{7924A539-4A5F-44BC-BD22-335FEEEEEAF8}.Release|Windows-x86.Build.0 = Release|Any CPU
		{7924A539-4A5F-44BC-BD22-335FEEEEEAF8}.Release|x64.ActiveCfg = Release|Any CPU
		{7924A539-4A5F-44BC-BD22-335FEEEEEAF8}.Release|x64.Build.0 = Release|Any CPU
		{7924A539-4A5F-44BC-BD22-335FEEEEEAF8}.Release|x86.ActiveCfg = Release|Any CPU
		{7924A539-4A5F-44BC-BD22-335FEEEEEAF8}.Release|x86.Build.0 = Release|Any CPU
	EndGlobalSection
	GlobalSection(SolutionProperties) = preSolution
		HideSolutionNode = FALSE
	EndGlobalSection
	GlobalSection(NestedProjects) = preSolution
		{AB82E73B-4935-4393-82A2-85C1B68ABF20} = {AE3E98DB-35C1-42D8-AB6D-DE37189DDAA1}
		{F59C11A1-47B1-4E33-8185-564EA080B466} = {AE3E98DB-35C1-42D8-AB6D-DE37189DDAA1}
		{712637CF-FBB3-4424-9FFC-ECC474B42E43} = {AB82E73B-4935-4393-82A2-85C1B68ABF20}
		{D18A53D7-2EB2-4209-AF69-D876ACD77828} = {AB82E73B-4935-4393-82A2-85C1B68ABF20}
		{D8D40D4F-3810-4189-9B75-0F71CEB42F6F} = {AB82E73B-4935-4393-82A2-85C1B68ABF20}
		{C31098DF-C3EA-45ED-8177-F7B5EA651C0E} = {AB82E73B-4935-4393-82A2-85C1B68ABF20}
		{25EF1504-BA62-49AF-BACC-26B77223987E} = {AB82E73B-4935-4393-82A2-85C1B68ABF20}
		{897EC79B-1E92-4F2B-8D32-F972C93A831C} = {AB82E73B-4935-4393-82A2-85C1B68ABF20}
		{16423DC0-DA5D-4D0F-BDB7-4D337D988D42} = {AB82E73B-4935-4393-82A2-85C1B68ABF20}
		{7924A539-4A5F-44BC-BD22-335FEEEEEAF8} = {AB82E73B-4935-4393-82A2-85C1B68ABF20}
	EndGlobalSection
	GlobalSection(ExtensibilityGlobals) = postSolution
		SolutionGuid = {A2EBB4CD-6037-43E3-81CD-7283CBA1A774}
	EndGlobalSection
EndGlobal
